
Microsoft Visual Studio Solution File, Format Version 12.00
# Visual Studio 15
VisualStudioVersion = 15.0.28307.705
MinimumVisualStudioVersion = 10.0.40219.1
Project("{8BC9CEB8-8B4A-11D0-8D11-00A0C91BC942}") = "m_string", "m_string\m_string.vcxproj", "{341A1F7B-6747-45FA-9723-81E22B03E5D9}"
EndProject
Global
	GlobalSection(SolutionConfigurationPlatforms) = preSolution
		Debug|x64 = Debug|x64
		Debug|x86 = Debug|x86
		Release|x64 = Release|x64
		Release|x86 = Release|x86
	EndGlobalSection
	GlobalSection(ProjectConfigurationPlatforms) = postSolution
		{341A1F7B-6747-45FA-9723-81E22B03E5D9}.Debug|x64.ActiveCfg = Debug|x64
		{341A1F7B-6747-45FA-9723-81E22B03E5D9}.Debug|x64.Build.0 = Debug|x64
		{341A1F7B-6747-45FA-9723-81E22B03E5D9}.Debug|x86.ActiveCfg = Debug|Win32
		{341A1F7B-6747-45FA-9723-81E22B03E5D9}.Debug|x86.Build.0 = Debug|Win32
		{341A1F7B-6747-45FA-9723-81E22B03E5D9}.Release|x64.ActiveCfg = Release|x64
		{341A1F7B-6747-45FA-9723-81E22B03E5D9}.Release|x64.Build.0 = Release|x64
		{341A1F7B-6747-45FA-9723-81E22B03E5D9}.Release|x86.ActiveCfg = Release|Win32
		{341A1F7B-6747-45FA-9723-81E22B03E5D9}.Release|x86.Build.0 = Release|Win32
	EndGlobalSection
	GlobalSection(SolutionProperties) = preSolution
		HideSolutionNode = FALSE
	EndGlobalSection
	GlobalSection(ExtensibilityGlobals) = postSolution
		SolutionGuid = {D6D771CE-1E69-404B-81C5-8E36BB6B39D9}
	EndGlobalSection
EndGlobal
